
Microsoft Visual Studio Solution File, Format Version 12.00
# Visual Studio Version 17
VisualStudioVersion = 17.4.33122.133
MinimumVisualStudioVersion = 10.0.40219.1
Project("{9A19103F-16F7-4668-BE54-9A1E7A4F7556}") = "OrbCartridgeAutoScoop", "OrbCartridgeAutoScoop\OrbCartridgeAutoScoop.csproj", "{A6FE9081-9575-450C-8EF6-B2CEB8915CF8}"
EndProject
Global
	GlobalSection(SolutionConfigurationPlatforms) = preSolution
		Debug|Any CPU = Debug|Any CPU
		Release|Any CPU = Release|Any CPU
	EndGlobalSection
	GlobalSection(ProjectConfigurationPlatforms) = postSolution
		{A6FE9081-9575-450C-8EF6-B2CEB8915CF8}.Debug|Any CPU.ActiveCfg = Debug|Any CPU
		{A6FE9081-9575-450C-8EF6-B2CEB8915CF8}.Debug|Any CPU.Build.0 = Debug|Any CPU
		{A6FE9081-9575-450C-8EF6-B2CEB8915CF8}.Release|Any CPU.ActiveCfg = Release|Any CPU
		{A6FE9081-9575-450C-8EF6-B2CEB8915CF8}.Release|Any CPU.Build.0 = Release|Any CPU
	EndGlobalSection
	GlobalSection(SolutionProperties) = preSolution
		HideSolutionNode = FALSE
	EndGlobalSection
	GlobalSection(ExtensibilityGlobals) = postSolution
		SolutionGuid = {CC7B2C25-BCA1-4A4C-8809-F9ACBCBE19AA}
	EndGlobalSection
EndGlobal
